
Microsoft Visual Studio Solution File, Format Version 12.00
# Visual Studio 14
VisualStudioVersion = 14.0.23107.0
MinimumVisualStudioVersion = 10.0.40219.1
Project("{FAE04EC0-301F-11D3-BF4B-00C04F79EFBC}") = "CountryApplication", "MusicApplication\CountryApplication.csproj", "{411546C2-0A4A-4A4B-B94D-968633C9921D}"
EndProject
Project("{FAE04EC0-301F-11D3-BF4B-00C04F79EFBC}") = "TestCountries", "TestCountries\TestCountries.csproj", "{B983B220-3E56-4885-AC9D-AB3E597AA8E6}"
EndProject
Global
	GlobalSection(SolutionConfigurationPlatforms) = preSolution
		Debug|Any CPU = Debug|Any CPU
		Release|Any CPU = Release|Any CPU
	EndGlobalSection
	GlobalSection(ProjectConfigurationPlatforms) = postSolution
		{411546C2-0A4A-4A4B-B94D-968633C9921D}.Debug|Any CPU.ActiveCfg = Debug|Any CPU
		{411546C2-0A4A-4A4B-B94D-968633C9921D}.Debug|Any CPU.Build.0 = Debug|Any CPU
		{411546C2-0A4A-4A4B-B94D-968633C9921D}.Release|Any CPU.ActiveCfg = Release|Any CPU
		{411546C2-0A4A-4A4B-B94D-968633C9921D}.Release|Any CPU.Build.0 = Release|Any CPU
		{B983B220-3E56-4885-AC9D-AB3E597AA8E6}.Debug|Any CPU.ActiveCfg = Debug|Any CPU
		{B983B220-3E56-4885-AC9D-AB3E597AA8E6}.Debug|Any CPU.Build.0 = Debug|Any CPU
		{B983B220-3E56-4885-AC9D-AB3E597AA8E6}.Release|Any CPU.ActiveCfg = Release|Any CPU
		{B983B220-3E56-4885-AC9D-AB3E597AA8E6}.Release|Any CPU.Build.0 = Release|Any CPU
	EndGlobalSection
	GlobalSection(SolutionProperties) = preSolution
		HideSolutionNode = FALSE
	EndGlobalSection
EndGlobal
